<?xml version="1.0" encoding="UTF-8" standalone="yes" ?>
<CodeBlocks_project_file>
	<FileVersion major="1" minor="6" />
	<Project>
		<Option title="Bridge" />
		<Option pch_mode="0" />
		<Option compiler="gcc" />
		<Build>
			<Target title="default">
				<Option output="GeomGlut.exe" prefix_auto="0" extension_auto="0" />
				<Option object_output="c:\temp" />
				<Option type="1" />
				<Option compiler="gcc" />
				<Option projectResourceIncludeDirsRelation="1" />
			</Target>
		</Build>
		<VirtualTargets>
			<Add alias="All" targets="default;" />
		</VirtualTargets>
		<Linker>
			<Add library="glut32" />
			<Add library="glu32" />
			<Add library="opengl32" />
			<Add library="winmm" />
			<Add library="gdi32" />
			<Add library="C:\Program Files (x86)\CodeBlocks\MinGW\lib\glut32.lib" />
		</Linker>
		<Unit filename="AbstractDrawingStrategy.cpp" />
		<Unit filename="AbstractDrawingStrategy.h" />
		<Unit filename="Circle.cpp" />
		<Unit filename="Circle.h" />
		<Unit filename="GeomGlut.cpp" />
		<Unit filename="GeomGlut.h" />
		<Unit filename="Rectangle.cpp" />
		<Unit filename="Rectangle.h" />
		<Unit filename="Shape.cpp" />
		<Unit filename="Shape.h" />
		<Unit filename="V1Drawing.cpp" />
		<Unit filename="V1Drawing.h" />
		<Unit filename="V2Drawing.cpp" />
		<Unit filename="V2Drawing.h" />
		<Unit filename="carree.cpp" />
		<Unit filename="carree.h" />
		<Unit filename="main.cpp" />
		<Unit filename="main.h" />
		<Unit filename="triangle.cpp" />
		<Unit filename="triangle.h" />
		<Extensions>
			<code_completion />
			<debugger />
		</Extensions>
	</Project>
</CodeBlocks_project_file>
